
Microsoft Visual Studio Solution File, Format Version 12.00
# Visual Studio 2012
Project("{FAE04EC0-301F-11D3-BF4B-00C04F79EFBC}") = "Deserialize.V1", "Deserialize.V1\Deserialize.V1.csproj", "{5C7221D0-7286-4BD0-8D85-48BF6F774D76}"
EndProject
Project("{2150E333-8FDC-42A3-9474-1A3956D46DE8}") = "Solution Items", "Solution Items", "{0C0E3A22-8083-4162-8A0D-D507E7CB6177}"
	ProjectSection(SolutionItems) = preProject
		protostream.bin = protostream.bin
	EndProjectSection
EndProject
Project("{FAE04EC0-301F-11D3-BF4B-00C04F79EFBC}") = "Deserialize.V2.480", "Deserialize.V2\Deserialize.V2.480.csproj", "{48A79E1A-CD1D-40B9-B3DD-C9DA1B8A7CE8}"
EndProject
Project("{FAE04EC0-301F-11D3-BF4B-00C04F79EFBC}") = "Deserialize.V2.566", "Deserialize.V2.566\Deserialize.V2.566.csproj", "{2DC4E3CA-31AC-4F21-BDB4-DB4E2DF689A8}"
EndProject
Project("{FAE04EC0-301F-11D3-BF4B-00C04F79EFBC}") = "Deserialize.V2.565", "Deserialize.V2.565\Deserialize.V2.565.csproj", "{1C0495B9-2A02-427D-A392-0A0B4D9F01FE}"
EndProject
Project("{2150E333-8FDC-42A3-9474-1A3956D46DE8}") = ".nuget", ".nuget", "{76C348B6-83AE-4713-9024-3A32A6FD4BD5}"
	ProjectSection(SolutionItems) = preProject
		.nuget\NuGet.Config = .nuget\NuGet.Config
		.nuget\NuGet.targets = .nuget\NuGet.targets
		.nuget\nuget.exe = .nuget\nuget.exe
	EndProjectSection
EndProject
Global
	GlobalSection(SolutionConfigurationPlatforms) = preSolution
		Debug|Any CPU = Debug|Any CPU
		Release|Any CPU = Release|Any CPU
	EndGlobalSection
	GlobalSection(ProjectConfigurationPlatforms) = postSolution
		{1C0495B9-2A02-427D-A392-0A0B4D9F01FE}.Debug|Any CPU.ActiveCfg = Debug|Any CPU
		{1C0495B9-2A02-427D-A392-0A0B4D9F01FE}.Debug|Any CPU.Build.0 = Debug|Any CPU
		{1C0495B9-2A02-427D-A392-0A0B4D9F01FE}.Release|Any CPU.ActiveCfg = Release|Any CPU
		{1C0495B9-2A02-427D-A392-0A0B4D9F01FE}.Release|Any CPU.Build.0 = Release|Any CPU
		{2DC4E3CA-31AC-4F21-BDB4-DB4E2DF689A8}.Debug|Any CPU.ActiveCfg = Debug|Any CPU
		{2DC4E3CA-31AC-4F21-BDB4-DB4E2DF689A8}.Debug|Any CPU.Build.0 = Debug|Any CPU
		{2DC4E3CA-31AC-4F21-BDB4-DB4E2DF689A8}.Release|Any CPU.ActiveCfg = Release|Any CPU
		{2DC4E3CA-31AC-4F21-BDB4-DB4E2DF689A8}.Release|Any CPU.Build.0 = Release|Any CPU
		{48A79E1A-CD1D-40B9-B3DD-C9DA1B8A7CE8}.Debug|Any CPU.ActiveCfg = Debug|Any CPU
		{48A79E1A-CD1D-40B9-B3DD-C9DA1B8A7CE8}.Debug|Any CPU.Build.0 = Debug|Any CPU
		{48A79E1A-CD1D-40B9-B3DD-C9DA1B8A7CE8}.Release|Any CPU.ActiveCfg = Release|Any CPU
		{48A79E1A-CD1D-40B9-B3DD-C9DA1B8A7CE8}.Release|Any CPU.Build.0 = Release|Any CPU
		{5C7221D0-7286-4BD0-8D85-48BF6F774D76}.Debug|Any CPU.ActiveCfg = Debug|Any CPU
		{5C7221D0-7286-4BD0-8D85-48BF6F774D76}.Debug|Any CPU.Build.0 = Debug|Any CPU
		{5C7221D0-7286-4BD0-8D85-48BF6F774D76}.Release|Any CPU.ActiveCfg = Release|Any CPU
		{5C7221D0-7286-4BD0-8D85-48BF6F774D76}.Release|Any CPU.Build.0 = Release|Any CPU
	EndGlobalSection
	GlobalSection(SolutionProperties) = preSolution
		HideSolutionNode = FALSE
	EndGlobalSection
EndGlobal
